// !$*UTF8*$!
{
	archiveVersion = 1;
	classes = {
	};
	objectVersion = 46;
	objects = {

/* Begin PBXBuildFile section */
		76ABD2E61A2D543A00976BFA /* main.m in Sources */ = {isa = PBXBuildFile; fileRef = 76ABD2E51A2D543A00976BFA /* main.m */; };
		76ABD2E91A2D543A00976BFA /* AppDelegate.m in Sources */ = {isa = PBXBuildFile; fileRef = 76ABD2E81A2D543A00976BFA /* AppDelegate.m */; };
		76ABD2EC1A2D543A00976BFA /* ViewController.m in Sources */ = {isa = PBXBuildFile; fileRef = 76ABD2EB1A2D543A00976BFA /* ViewController.m */; };
		76ABD2EF1A2D543A00976BFA /* Main.storyboard in Resources */ = {isa = PBXBuildFile; fileRef = 76ABD2ED1A2D543A00976BFA /* Main.storyboard */; };
		76ABD2F11A2D543A00976BFA /* Images.xcassets in Resources */ = {isa = PBXBuildFile; fileRef = 76ABD2F01A2D543A00976BFA /* Images.xcassets */; };
		76ABD2F41A2D543A00976BFA /* LaunchScreen.xib in Resources */ = {isa = PBXBuildFile; fileRef = 76ABD2F21A2D543A00976BFA /* LaunchScreen.xib */; };
		76ABD3001A2D543A00976BFA /* demo_1202_clTests.m in Sources */ = {isa = PBXBuildFile; fileRef = 76ABD2FF1A2D543A00976BFA /* demo_1202_clTests.m */; };
/* End PBXBuildFile section */

/* Begin PBXContainerItemProxy section */
		76ABD2FA1A2D543A00976BFA /* PBXContainerItemProxy */ = {
			isa = PBXContainerItemProxy;
			containerPortal = 76ABD2D81A2D543A00976BFA /* Project object */;
			proxyType = 1;
			remoteGlobalIDString = 76ABD2DF1A2D543A00976BFA;
			remoteInfo = demo_1202_cl;
		};
/* End PBXContainerItemProxy section */

/* Begin PBXFileReference section */
		76ABD2E01A2D543A00976BFA /* demo_1202_cl.app */ = {isa = PBXFileReference; explicitFileType = wrapper.application; includeInIndex = 0; path = demo_1202_cl.app; sourceTree = BUILT_PRODUCTS_DIR; };
		76ABD2E41A2D543A00976BFA /* Info.plist */ = {isa = PBXFileReference; lastKnownFileType = text.plist.xml; path = Info.plist; sourceTree = "<group>"; };
		76ABD2E51A2D543A00976BFA /* main.m */ = {isa = PBXFileReference; lastKnownFileType = sourcecode.c.objc; path = main.m; sourceTree = "<group>"; };
		76ABD2E71A2D543A00976BFA /* AppDelegate.h */ = {isa = PBXFileReference; lastKnownFileType = sourcecode.c.h; path = AppDelegate.h; sourceTree = "<group>"; };
		76ABD2E81A2D543A00976BFA /* AppDelegate.m */ = {isa = PBXFileReference; lastKnownFileType = sourcecode.c.objc; path = AppDelegate.m; sourceTree = "<group>"; };
		76ABD2EA1A2D543A00976BFA /* ViewController.h */ = {isa = PBXFileReference; lastKnownFileType = sourcecode.c.h; path = ViewController.h; sourceTree = "<group>"; };
		76ABD2EB1A2D543A00976BFA /* ViewController.m */ = {isa = PBXFileReference; lastKnownFileType = sourcecode.c.objc; path = ViewController.m; sourceTree = "<group>"; };
		76ABD2EE1A2D543A00976BFA /* Base */ = {isa = PBXFileReference; lastKnownFileType = file.storyboard; name = Base; path = Base.lproj/Main.storyboard; sourceTree = "<group>"; };
		76ABD2F01A2D543A00976BFA /* Images.xcassets */ = {isa = PBXFileReference; lastKnownFileType = folder.assetcatalog; path = Images.xcassets; sourceTree = "<group>"; };
		76ABD2F31A2D543A00976BFA /* Base */ = {isa = PBXFileReference; lastKnownFileType = file.xib; name = Base; path = Base.lproj/LaunchScreen.xib; sourceTree = "<group>"; };
		76ABD2F91A2D543A00976BFA /* demo_1202_clTests.xctest */ = {isa = PBXFileReference; explicitFileType = wrapper.cfbundle; includeInIndex = 0; path = demo_1202_clTests.xctest; sourceTree = BUILT_PRODUCTS_DIR; };
		76ABD2FE1A2D543A00976BFA /* Info.plist */ = {isa = PBXFileReference; lastKnownFileType = text.plist.xml; path = Info.plist; sourceTree = "<group>"; };
		76ABD2FF1A2D543A00976BFA /* demo_1202_clTests.m */ = {isa = PBXFileReference; lastKnownFileType = sourcecode.c.objc; path = demo_1202_clTests.m; sourceTree = "<group>"; };
/* End PBXFileReference section */

/* Begin PBXFrameworksBuildPhase section */
		76ABD2DD1A2D543A00976BFA /* Frameworks */ = {
			isa = PBXFrameworksBuildPhase;
			buildActionMask = 2147483647;
			files = (
			);
			runOnlyForDeploymentPostprocessing = 0;
		};
		76ABD2F61A2D543A00976BFA /* Frameworks */ = {
			isa = PBXFrameworksBuildPhase;
			buildActionMask = 2147483647;
			files = (
			);
			runOnlyForDeploymentPostprocessing = 0;
		};
/* End PBXFrameworksBuildPhase section */

/* Begin PBXGroup section */
		76ABD2D71A2D543A00976BFA = {
			isa = PBXGroup;
			children = (
				76ABD2E21A2D543A00976BFA /* demo_1202_cl */,
				76ABD2FC1A2D543A00976BFA /* demo_1202_clTests */,
				76ABD2E11A2D543A00976BFA /* Products */,
			);
			sourceTree = "<group>";
		};
		76ABD2E11A2D543A00976BFA /* Products */ = {
			isa = PBXGroup;
			children = (
				76ABD2E01A2D543A00976BFA /* demo_1202_cl.app */,
				76ABD2F91A2D543A00976BFA /* demo_1202_clTests.xctest */,
			);
			name = Products;
			sourceTree = "<group>";
		};
		76ABD2E21A2D543A00976BFA /* demo_1202_cl */ = {
			isa = PBXGroup;
			children = (
				76ABD2E71A2D543A00976BFA /* AppDelegate.h */,
				76ABD2E81A2D543A00976BFA /* AppDelegate.m */,
				76ABD2EA1A2D543A00976BFA /* ViewController.h */,
				76ABD2EB1A2D543A00976BFA /* ViewController.m */,
				76ABD2ED1A2D543A00976BFA /* Main.storyboard */,
				76ABD2F01A2D543A00976BFA /* Images.xcassets */,
				76ABD2F21A2D543A00976BFA /* LaunchScreen.xib */,
				76ABD2E31A2D543A00976BFA /* Supporting Files */,
			);
			path = demo_1202_cl;
			sourceTree = "<group>";
		};
		76ABD2E31A2D543A00976BFA /* Supporting Files */ = {
			isa = PBXGroup;
			children = (
				76ABD2E41A2D543A00976BFA /* Info.plist */,
				76ABD2E51A2D543A00976BFA /* main.m */,
			);
			name = "Supporting Files";
			sourceTree = "<group>";
		};
		76ABD2FC1A2D543A00976BFA /* demo_1202_clTests */ = {
			isa = PBXGroup;
			children = (
				76ABD2FF1A2D543A00976BFA /* demo_1202_clTests.m */,
				76ABD2FD1A2D543A00976BFA /* Supporting Files */,
			);
			path = demo_1202_clTests;
			sourceTree = "<group>";
		};
		76ABD2FD1A2D543A00976BFA /* Supporting Files */ = {
			isa = PBXGroup;
			children = (
				76ABD2FE1A2D543A00976BFA /* Info.plist */,
			);
			name = "Supporting Files";
			sourceTree = "<group>";
		};
/* End PBXGroup section */

/* Begin PBXNativeTarget section */
		76ABD2DF1A2D543A00976BFA /* demo_1202_cl */ = {
			isa = PBXNativeTarget;
			buildConfigurationList = 76ABD3031A2D543A00976BFA /* Build configuration list for PBXNativeTarget "demo_1202_cl" */;
			buildPhases = (
				76ABD2DC1A2D543A00976BFA /* Sources */,
				76ABD2DD1A2D543A00976BFA /* Frameworks */,
				76ABD2DE1A2D543A00976BFA /* Resources */,
			);
			buildRules = (
			);
			dependencies = (
			);
			name = demo_1202_cl;
			productName = demo_1202_cl;
			productReference = 76ABD2E01A2D543A00976BFA /* demo_1202_cl.app */;
			productType = "com.apple.product-type.application";
		};
		76ABD2F81A2D543A00976BFA /* demo_1202_clTests */ = {
			isa = PBXNativeTarget;
			buildConfigurationList = 76ABD3061A2D543A00976BFA /* Build configuration list for PBXNativeTarget "demo_1202_clTests" */;
			buildPhases = (
				76ABD2F51A2D543A00976BFA /* Sources */,
				76ABD2F61A2D543A00976BFA /* Frameworks */,
				76ABD2F71A2D543A00976BFA /* Resources */,
			);
			buildRules = (
			);
			dependencies = (
				76ABD2FB1A2D543A00976BFA /* PBXTargetDependency */,
			);
			name = demo_1202_clTests;
			productName = demo_1202_clTests;
			productReference = 76ABD2F91A2D543A00976BFA /* demo_1202_clTests.xctest */;
			productType = "com.apple.product-type.bundle.unit-test";
		};
/* End PBXNativeTarget section */

/* Begin PBXProject section */
		76ABD2D81A2D543A00976BFA /* Project object */ = {
			isa = PBXProject;
			attributes = {
				LastUpgradeCheck = 0610;
				ORGANIZATIONNAME = Cyrilshanway;
				TargetAttributes = {
					76ABD2DF1A2D543A00976BFA = {
						CreatedOnToolsVersion = 6.1;
					};
					76ABD2F81A2D543A00976BFA = {
						CreatedOnToolsVersion = 6.1;
						TestTargetID = 76ABD2DF1A2D543A00976BFA;
					};
				};
			};
			buildConfigurationList = 76ABD2DB1A2D543A00976BFA /* Build configuration list for PBXProject "demo_1202_cl" */;
			compatibilityVersion = "Xcode 3.2";
			developmentRegion = English;
			hasScannedForEncodings = 0;
			knownRegions = (
				en,
				Base,
			);
			mainGroup = 76ABD2D71A2D543A00976BFA;
			productRefGroup = 76ABD2E11A2D543A00976BFA /* Products */;
			projectDirPath = "";
			projectRoot = "";
			targets = (
				76ABD2DF1A2D543A00976BFA /* demo_1202_cl */,
				76ABD2F81A2D543A00976BFA /* demo_1202_clTests */,
			);
		};
/* End PBXProject section */

/* Begin PBXResourcesBuildPhase section */
		76ABD2DE1A2D543A00976BFA /* Resources */ = {
			isa = PBXResourcesBuildPhase;
			buildActionMask = 2147483647;
			files = (
				76ABD2EF1A2D543A00976BFA /* Main.storyboard in Resources */,
				76ABD2F41A2D543A00976BFA /* LaunchScreen.xib in Resources */,
				76ABD2F11A2D543A00976BFA /* Images.xcassets in Resources */,
			);
			runOnlyForDeploymentPostprocessing = 0;
		};
		76ABD2F71A2D543A00976BFA /* Resources */ = {
			isa = PBXResourcesBuildPhase;
			buildActionMask = 2147483647;
			files = (
			);
			runOnlyForDeploymentPostprocessing = 0;
		};
/* End PBXResourcesBuildPhase section */

/* Begin PBXSourcesBuildPhase section */
		76ABD2DC1A2D543A00976BFA /* Sources */ = {
			isa = PBXSourcesBuildPhase;
			buildActionMask = 2147483647;
			files = (
				76ABD2EC1A2D543A00976BFA /* ViewController.m in Sources */,
				76ABD2E91A2D543A00976BFA /* AppDelegate.m in Sources */,
				76ABD2E61A2D543A00976BFA /* main.m in Sources */,
			);
			runOnlyForDeploymentPostprocessing = 0;
		};
		76ABD2F51A2D543A00976BFA /* Sources */ = {
			isa = PBXSourcesBuildPhase;
			buildActionMask = 2147483647;
			files = (
				76ABD3001A2D543A00976BFA /* demo_1202_clTests.m in Sources */,
			);
			runOnlyForDeploymentPostprocessing = 0;
		};
/* End PBXSourcesBuildPhase section */

/* Begin PBXTargetDependency section */
		76ABD2FB1A2D543A00976BFA /* PBXTargetDependency */ = {
			isa = PBXTargetDependency;
			target = 76ABD2DF1A2D543A00976BFA /* demo_1202_cl */;
			targetProxy = 76ABD2FA1A2D543A00976BFA /* PBXContainerItemProxy */;
		};
/* End PBXTargetDependency section */

/* Begin PBXVariantGroup section */
		76ABD2ED1A2D543A00976BFA /* Main.storyboard */ = {
			isa = PBXVariantGroup;
			children = (
				76ABD2EE1A2D543A00976BFA /* Base */,
			);
			name = Main.storyboard;
			sourceTree = "<group>";
		};
		76ABD2F21A2D543A00976BFA /* LaunchScreen.xib */ = {
			isa = PBXVariantGroup;
			children = (
				76ABD2F31A2D543A00976BFA /* Base */,
			);
			name = LaunchScreen.xib;
			sourceTree = "<group>";
		};
/* End PBXVariantGroup section */

/* Begin XCBuildConfiguration section */
		76ABD3011A2D543A00976BFA /* Debug */ = {
			isa = XCBuildConfiguration;
			buildSettings = {
				ALWAYS_SEARCH_USER_PATHS = NO;
				CLANG_CXX_LANGUAGE_STANDARD = "gnu++0x";
				CLANG_CXX_LIBRARY = "libc++";
				CLANG_ENABLE_MODULES = YES;
				CLANG_ENABLE_OBJC_ARC = YES;
				CLANG_WARN_BOOL_CONVERSION = YES;
				CLANG_WARN_CONSTANT_CONVERSION = YES;
				CLANG_WARN_DIRECT_OBJC_ISA_USAGE = YES_ERROR;
				CLANG_WARN_EMPTY_BODY = YES;
				CLANG_WARN_ENUM_CONVERSION = YES;
				CLANG_WARN_INT_CONVERSION = YES;
				CLANG_WARN_OBJC_ROOT_CLASS = YES_ERROR;
				CLANG_WARN_UNREACHABLE_CODE = YES;
				CLANG_WARN__DUPLICATE_METHOD_MATCH = YES;
				"CODE_SIGN_IDENTITY[sdk=iphoneos*]" = "iPhone Developer";
				COPY_PHASE_STRIP = NO;
				ENABLE_STRICT_OBJC_MSGSEND = YES;
				GCC_C_LANGUAGE_STANDARD = gnu99;
				GCC_DYNAMIC_NO_PIC = NO;
				GCC_OPTIMIZATION_LEVEL = 0;
				GCC_PREPROCESSOR_DEFINITIONS = (
					"DEBUG=1",
					"$(inherited)",
				);
				GCC_SYMBOLS_PRIVATE_EXTERN = NO;
				GCC_WARN_64_TO_32_BIT_CONVERSION = YES;
				GCC_WARN_ABOUT_RETURN_TYPE = YES_ERROR;
				GCC_WARN_UNDECLARED_SELECTOR = YES;
				GCC_WARN_UNINITIALIZED_AUTOS = YES_AGGRESSIVE;
				GCC_WARN_UNUSED_FUNCTION = YES;
				GCC_WARN_UNUSED_VARIABLE = YES;
				IPHONEOS_DEPLOYMENT_TARGET = 8.1;
				MTL_ENABLE_DEBUG_INFO = YES;
				ONLY_ACTIVE_ARCH = YES;
				SDKROOT = iphoneos;
			};
			name = Debug;
		};
		76ABD3021A2D543A00976BFA /* Release */ = {
			isa = XCBuildConfiguration;
			buildSettings = {
				ALWAYS_SEARCH_USER_PATHS = NO;
				CLANG_CXX_LANGUAGE_STANDARD = "gnu++0x";
				CLANG_CXX_LIBRARY = "libc++";
				CLANG_ENABLE_MODULES = YES;
				CLANG_ENABLE_OBJC_ARC = YES;
				CLANG_WARN_BOOL_CONVERSION = YES;
				CLANG_WARN_CONSTANT_CONVERSION = YES;
				CLANG_WARN_DIRECT_OBJC_ISA_USAGE = YES_ERROR;
				CLANG_WARN_EMPTY_BODY = YES;
				CLANG_WARN_ENUM_CONVERSION = YES;
				CLANG_WARN_INT_CONVERSION = YES;
				CLANG_WARN_OBJC_ROOT_CLASS = YES_ERROR;
				CLANG_WARN_UNREACHABLE_CODE = YES;
				CLANG_WARN__DUPLICATE_METHOD_MATCH = YES;
				"CODE_SIGN_IDENTITY[sdk=iphoneos*]" = "iPhone Developer";
				COPY_PHASE_STRIP = YES;
				ENABLE_NS_ASSERTIONS = NO;
				ENABLE_STRICT_OBJC_MSGSEND = YES;
				GCC_C_LANGUAGE_STANDARD = gnu99;
				GCC_WARN_64_TO_32_BIT_CONVERSION = YES;
				GCC_WARN_ABOUT_RETURN_TYPE = YES_ERROR;
				GCC_WARN_UNDECLARED_SELECTOR = YES;
				GCC_WARN_UNINITIALIZED_AUTOS = YES_AGGRESSIVE;
				GCC_WARN_UNUSED_FUNCTION = YES;
				GCC_WARN_UNUSED_VARIABLE = YES;
				IPHONEOS_DEPLOYMENT_TARGET = 8.1;
				MTL_ENABLE_DEBUG_INFO = NO;
				SDKROOT = iphoneos;
				VALIDATE_PRODUCT = YES;
			};
			name = Release;
		};
		76ABD3041A2D543A00976BFA /* Debug */ = {
			isa = XCBuildConfiguration;
			buildSettings = {
				ASSETCATALOG_COMPILER_APPICON_NAME = AppIcon;
				INFOPLIST_FILE = demo_1202_cl/Info.plist;
				LD_RUNPATH_SEARCH_PATHS = "$(inherited) @executable_path/Frameworks";
				PRODUCT_NAME = "$(TARGET_NAME)";
			};
			name = Debug;
		};
		76ABD3051A2D543A00976BFA /* Release */ = {
			isa = XCBuildConfiguration;
			buildSettings = {
				ASSETCATALOG_COMPILER_APPICON_NAME = AppIcon;
				INFOPLIST_FILE = demo_1202_cl/Info.plist;
				LD_RUNPATH_SEARCH_PATHS = "$(inherited) @executable_path/Frameworks";
				PRODUCT_NAME = "$(TARGET_NAME)";
			};
			name = Release;
		};
		76ABD3071A2D543A00976BFA /* Debug */ = {
			isa = XCBuildConfiguration;
			buildSettings = {
				BUNDLE_LOADER = "$(TEST_HOST)";
				FRAMEWORK_SEARCH_PATHS = (
					"$(SDKROOT)/Developer/Library/Frameworks",
					"$(inherited)",
				);
				GCC_PREPROCESSOR_DEFINITIONS = (
					"DEBUG=1",
					"$(inherited)",
				);
				INFOPLIST_FILE = demo_1202_clTests/Info.plist;
				LD_RUNPATH_SEARCH_PATHS = "$(inherited) @executable_path/Frameworks @loader_path/Frameworks";
				PRODUCT_NAME = "$(TARGET_NAME)";
				TEST_HOST = "$(BUILT_PRODUCTS_DIR)/demo_1202_cl.app/demo_1202_cl";
			};
			name = Debug;
		};
		76ABD3081A2D543A00976BFA /* Release */ = {
			isa = XCBuildConfiguration;
			buildSettings = {
				BUNDLE_LOADER = "$(TEST_HOST)";
				FRAMEWORK_SEARCH_PATHS = (
					"$(SDKROOT)/Developer/Library/Frameworks",
					"$(inherited)",
				);
				INFOPLIST_FILE = demo_1202_clTests/Info.plist;
				LD_RUNPATH_SEARCH_PATHS = "$(inherited) @executable_path/Frameworks @loader_path/Frameworks";
				PRODUCT_NAME = "$(TARGET_NAME)";
				TEST_HOST = "$(BUILT_PRODUCTS_DIR)/demo_1202_cl.app/demo_1202_cl";
			};
			name = Release;
		};
/* End XCBuildConfiguration section */

/* Begin XCConfigurationList section */
		76ABD2DB1A2D543A00976BFA /* Build configuration list for PBXProject "demo_1202_cl" */ = {
			isa = XCConfigurationList;
			buildConfigurations = (
				76ABD3011A2D543A00976BFA /* Debug */,
				76ABD3021A2D543A00976BFA /* Release */,
			);
			defaultConfigurationIsVisible = 0;
			defaultConfigurationName = Release;
		};
		76ABD3031A2D543A00976BFA /* Build configuration list for PBXNativeTarget "demo_1202_cl" */ = {
			isa = XCConfigurationList;
			buildConfigurations = (
				76ABD3041A2D543A00976BFA /* Debug */,
				76ABD3051A2D543A00976BFA /* Release */,
			);
			defaultConfigurationIsVisible = 0;
		};
		76ABD3061A2D543A00976BFA /* Build configuration list for PBXNativeTarget "demo_1202_clTests" */ = {
			isa = XCConfigurationList;
			buildConfigurations = (
				76ABD3071A2D543A00976BFA /* Debug */,
				76ABD3081A2D543A00976BFA /* Release */,
			);
			defaultConfigurationIsVisible = 0;
		};
/* End XCConfigurationList section */
	};
	rootObject = 76ABD2D81A2D543A00976BFA /* Project object */;
}
